
Microsoft Visual Studio Solution File, Format Version 12.00
# Visual Studio Version 18
VisualStudioVersion = 18.5.11709.299 stable
MinimumVisualStudioVersion = 10.0.40219.1
Project("{FAE04EC0-301F-11D3-BF4B-00C04F79EFBC}") = "extract_youtube_tabs_v1.0.0", "extract_youtube_tabs_v1.0.0.csproj", "{369EC9B6-EC97-E95B-437D-5718AF341467}"
EndProject
Global
	GlobalSection(SolutionConfigurationPlatforms) = preSolution
		Debug|Any CPU = Debug|Any CPU
		Release|Any CPU = Release|Any CPU
	EndGlobalSection
	GlobalSection(ProjectConfigurationPlatforms) = postSolution
		{369EC9B6-EC97-E95B-437D-5718AF341467}.Debug|Any CPU.ActiveCfg = Debug|Any CPU
		{369EC9B6-EC97-E95B-437D-5718AF341467}.Debug|Any CPU.Build.0 = Debug|Any CPU
		{369EC9B6-EC97-E95B-437D-5718AF341467}.Release|Any CPU.ActiveCfg = Release|Any CPU
		{369EC9B6-EC97-E95B-437D-5718AF341467}.Release|Any CPU.Build.0 = Release|Any CPU
	EndGlobalSection
	GlobalSection(SolutionProperties) = preSolution
		HideSolutionNode = FALSE
	EndGlobalSection
	GlobalSection(ExtensibilityGlobals) = postSolution
		SolutionGuid = {466CF9FC-1BB4-46E6-82F5-9C6B1DAC17C3}
	EndGlobalSection
EndGlobal
